
Microsoft Visual Studio Solution File, Format Version 12.00
# Visual Studio Version 17
VisualStudioVersion = 17.11.35327.3
MinimumVisualStudioVersion = 10.0.40219.1
Project("{9A19103F-16F7-4668-BE54-9A1E7A4F7556}") = "ransomware-dataprocessor", "ransomware-dataprocessor\ransomware-dataprocessor.csproj", "{66613720-A5B2-4C4D-9C1F-8A1DAEC500DC}"
EndProject
Global
	GlobalSection(SolutionConfigurationPlatforms) = preSolution
		Debug|Any CPU = Debug|Any CPU
		Release|Any CPU = Release|Any CPU
	EndGlobalSection
	GlobalSection(ProjectConfigurationPlatforms) = postSolution
		{66613720-A5B2-4C4D-9C1F-8A1DAEC500DC}.Debug|Any CPU.ActiveCfg = Debug|Any CPU
		{66613720-A5B2-4C4D-9C1F-8A1DAEC500DC}.Debug|Any CPU.Build.0 = Debug|Any CPU
		{66613720-A5B2-4C4D-9C1F-8A1DAEC500DC}.Release|Any CPU.ActiveCfg = Release|Any CPU
		{66613720-A5B2-4C4D-9C1F-8A1DAEC500DC}.Release|Any CPU.Build.0 = Release|Any CPU
	EndGlobalSection
	GlobalSection(SolutionProperties) = preSolution
		HideSolutionNode = FALSE
	EndGlobalSection
	GlobalSection(ExtensibilityGlobals) = postSolution
		SolutionGuid = {01FAA048-403F-4941-88B7-158DF787FDB0}
	EndGlobalSection
EndGlobal
